lockfileVersion: 5.4

specifiers:
  radix3: ^1.0.0
  svelte: ^3.55.0

dependencies:
  radix3: 1.0.0
  svelte: 3.55.0

packages:

  /radix3/1.0.0:
    resolution: {integrity: sha512-6n3AEXth91ASapMVKiEh2wrbFJmI+NBilrWE0AbiGgfm0xet0QXC8+a3K19r1UVYjUjctUgB053c3V/J6V0kCQ==}
    dev: false

  /svelte/3.55.0:
    resolution: {integrity: sha512-uGu2FVMlOuey4JoKHKrpZFkoYyj0VLjJdz47zX5+gVK5odxHM40RVhar9/iK2YFRVxvfg9FkhfVlR0sjeIrOiA==}
    engines: {node: '>= 8'}
    dev: false
